{
    "_readme": [
        "This file locks the dependencies of your project to a known state",
        "Read more about it at https://getcomposer.org/doc/01-basic-usage.md#installing-dependencies",
        "This file is @generated automatically"
    ],
    "content-hash": "2bbed572af58a3d13c1bf28e933dc8af",
    "packages": [],
    "packages-dev": [
        {
            "name": "jangregor/phpstan-prophecy",
            "version": "0.8.1",
            "source": {
                "type": "git",
                "url": "https://github.com/Jan0707/phpstan-prophecy.git",
                "reference": "f01ca476840c370bbf9c224aed25fca60eecca9d"
            },
            "dist": {
                "type": "zip",
                "url": "https://api.github.com/repos/Jan0707/phpstan-prophecy/zipball/f01ca476840c370bbf9c224aed25fca60eecca9d",
                "reference": "f01ca476840c370bbf9c224aed25fca60eecca9d",
                "shasum": ""
            },
            "require": {
                "php": "^7.1 || ^8.0",
                "phpstan/phpstan": "^0.12.6"
            },
            "conflict": {
                "phpspec/prophecy": "<1.7.0,>=2.0.0",
                "phpunit/phpunit": "<6.0.0,>=10.0.0"
            },
            "require-dev": {
                "ergebnis/composer-normalize": "^2.1.1",
                "ergebnis/license": "^1.0.0",
                "ergebnis/php-cs-fixer-config": "~2.2.0",
                "phpspec/prophecy": "^1.7.0",
                "phpunit/phpunit": "^6.0.0 || ^7.0.0 || ^8.0.0 || ^9.0.0"
            },
            "type": "phpstan-extension",
            "extra": {
                "phpstan": {
                    "includes": [
                        "extension.neon"
                    ]
                }
            },
            "autoload": {
                "psr-4": {
                    "JanGregor\\Prophecy\\": "src/"
                }
            },
            "notification-url": "https://packagist.org/downloads/",
            "license": [
                "MIT"
            ],
            "authors": [
                {
                    "name": "Jan Gregor Emge-Triebel",
                    "email": "jan@jangregor.me"
                }
            ],
            "description": "Provides a phpstan/phpstan extension for phpspec/prophecy",
            "support": {
                "issues": "https://github.com/Jan0707/phpstan-prophecy/issues",
                "source": "https://github.com/Jan0707/phpstan-prophecy/tree/0.8.1"
            },
            "funding": [
                {
                    "url": "https://www.buymeacoffee.com/localheinz",
                    "type": "custom"
                },
                {
                    "url": "https://github.com/localheinz",
                    "type": "github"
                }
            ],
            "time": "2020-10-24T15:04:14+00:00"
        },
        {
            "name": "phpstan/phpstan",
            "version": "0.12.70",
            "source": {
                "type": "git",
                "url": "https://github.com/phpstan/phpstan.git",
                "reference": "07f0ef37f5f876e8cee44cc8ea0ec3fe80d499ee"
            },
            "dist": {
                "type": "zip",
                "url": "https://api.github.com/repos/phpstan/phpstan/zipball/07f0ef37f5f876e8cee44cc8ea0ec3fe80d499ee",
                "reference": "07f0ef37f5f876e8cee44cc8ea0ec3fe80d499ee",
                "shasum": ""
            },
            "require": {
                "php": "^7.1|^8.0"
            },
            "conflict": {
                "phpstan/phpstan-shim": "*"
            },
            "bin": [
                "phpstan",
                "phpstan.phar"
            ],
            "type": "library",
            "extra": {
                "branch-alias": {
                    "dev-master": "0.12-dev"
                }
            },
            "autoload": {
                "files": [
                    "bootstrap.php"
                ]
            },
            "notification-url": "https://packagist.org/downloads/",
            "license": [
                "MIT"
            ],
            "description": "PHPStan - PHP Static Analysis Tool",
            "support": {
                "issues": "https://github.com/phpstan/phpstan/issues",
                "source": "https://github.com/phpstan/phpstan/tree/0.12.70"
            },
            "funding": [
                {
                    "url": "https://github.com/ondrejmirtes",
                    "type": "github"
                },
                {
                    "url": "https://www.patreon.com/phpstan",
                    "type": "patreon"
                },
                {
                    "url": "https://tidelift.com/funding/github/packagist/phpstan/phpstan",
                    "type": "tidelift"
                }
            ],
            "time": "2021-01-27T17:06:47+00:00"
        },
        {
            "name": "phpstan/phpstan-phpunit",
            "version": "0.12.17",
            "source": {
                "type": "git",
                "url": "https://github.com/phpstan/phpstan-phpunit.git",
                "reference": "432575b41cf2d4f44e460234acaf56119ed97d36"
            },
            "dist": {
                "type": "zip",
                "url": "https://api.github.com/repos/phpstan/phpstan-phpunit/zipball/432575b41cf2d4f44e460234acaf56119ed97d36",
                "reference": "432575b41cf2d4f44e460234acaf56119ed97d36",
                "shasum": ""
            },
            "require": {
                "php": "^7.1 || ^8.0",
                "phpstan/phpstan": "^0.12.60"
            },
            "conflict": {
                "phpunit/phpunit": "<7.0"
            },
            "require-dev": {
                "phing/phing": "^2.16.3",
                "php-parallel-lint/php-parallel-lint": "^1.2",
                "phpstan/phpstan-strict-rules": "^0.12.6",
                "phpunit/phpunit": "^7.5.20"
            },
            "type": "phpstan-extension",
            "extra": {
                "branch-alias": {
                    "dev-master": "0.12-dev"
                },
                "phpstan": {
                    "includes": [
                        "extension.neon",
                        "rules.neon"
                    ]
                }
            },
            "autoload": {
                "psr-4": {
                    "PHPStan\\": "src/"
                }
            },
            "notification-url": "https://packagist.org/downloads/",
            "license": [
                "MIT"
            ],
            "description": "PHPUnit extensions and rules for PHPStan",
            "support": {
                "issues": "https://github.com/phpstan/phpstan-phpunit/issues",
                "source": "https://github.com/phpstan/phpstan-phpunit/tree/0.12.17"
            },
            "time": "2020-12-13T12:12:51+00:00"
        }
    ],
    "aliases": [],
    "minimum-stability": "stable",
    "stability-flags": [],
    "prefer-stable": false,
    "prefer-lowest": false,
    "platform": [],
    "platform-dev": [],
    "plugin-api-version": "2.0.0"
}
